{
  "version": 4,
  "terraform_version": "1.2.8",
  "serial": 3,
  "lineage": "5b310027-7a2e-718a-e7aa-c1070fee3ff5",
  "outputs": {
    "mypublic_Ip": {
      "value": "44.206.240.39",
      "type": "string"
    }
  },
  "resources": [
    {
      "module": "module.mywebserver",
      "mode": "managed",
      "type": "aws_instance",
      "name": "web",
      "provider": "provider[\"registry.terraform.io/hashicorp/aws\"]",
      "instances": [
        {
          "schema_version": 1,
          "attributes": {
            "ami": "ami-01b996646377b6619",
            "arn": "arn:aws:ec2:us-east-1:862029327517:instance/i-012315bb3d33666bb",
            "associate_public_ip_address": true,
            "availability_zone": "us-east-1a",
            "capacity_reservation_specification": [
              {
                "capacity_reservation_preference": "open",
                "capacity_reservation_target": []
              }
            ],
            "cpu_core_count": 1,
            "cpu_threads_per_core": 1,
            "credit_specification": [
              {
                "cpu_credits": "standard"
              }
            ],
            "disable_api_stop": false,
            "disable_api_termination": false,
            "ebs_block_device": [],
            "ebs_optimized": false,
            "enclave_options": [
              {
                "enabled": false
              }
            ],
            "ephemeral_block_device": [],
            "get_password_data": false,
            "hibernation": false,
            "host_id": null,
            "host_resource_group_arn": null,
            "iam_instance_profile": "",
            "id": "i-012315bb3d33666bb",
            "instance_initiated_shutdown_behavior": "stop",
            "instance_state": "running",
            "instance_type": "t2.micro",
            "ipv6_address_count": 0,
            "ipv6_addresses": [],
            "key_name": "mykey",
            "launch_template": [],
            "maintenance_options": [
              {
                "auto_recovery": "default"
              }
            ],
            "metadata_options": [
              {
                "http_endpoint": "enabled",
                "http_put_response_hop_limit": 1,
                "http_tokens": "optional",
                "instance_metadata_tags": "disabled"
              }
            ],
            "monitoring": false,
            "network_interface": [],
            "outpost_arn": "",
            "password_data": "",
            "placement_group": "",
            "placement_partition_number": null,
            "primary_network_interface_id": "eni-03a19f989e41fc07c",
            "private_dns": "ip-172-31-90-251.ec2.internal",
            "private_dns_name_options": [
              {
                "enable_resource_name_dns_a_record": false,
                "enable_resource_name_dns_aaaa_record": false,
                "hostname_type": "ip-name"
              }
            ],
            "private_ip": "172.31.90.251",
            "public_dns": "ec2-44-206-240-39.compute-1.amazonaws.com",
            "public_ip": "44.206.240.39",
            "root_block_device": [
              {
                "delete_on_termination": true,
                "device_name": "/dev/sda1",
                "encrypted": false,
                "iops": 100,
                "kms_key_id": "",
                "tags": {},
                "throughput": 0,
                "volume_id": "vol-00366b46d34573db4",
                "volume_size": 8,
                "volume_type": "gp2"
              }
            ],
            "secondary_private_ips": [],
            "security_groups": [
              "default"
            ],
            "source_dest_check": true,
            "subnet_id": "subnet-0de0ae3abd15b697b",
            "tags": null,
            "tags_all": {},
            "tenancy": "default",
            "timeouts": null,
            "user_data": null,
            "user_data_base64": null,
            "user_data_replace_on_change": false,
            "volume_tags": null,
            "vpc_security_group_ids": [
              "sg-0e458dd47b9bfe91b"
            ]
          },
          "sensitive_attributes": [],
          "private": "eyJlMmJmYjczMC1lY2FhLTExZTYtOGY4OC0zNDM2M2JjN2M0YzAiOnsiY3JlYXRlIjo2MDAwMDAwMDAwMDAsImRlbGV0ZSI6MTIwMDAwMDAwMDAwMCwidXBkYXRlIjo2MDAwMDAwMDAwMDB9LCJzY2hlbWFfdmVyc2lvbiI6IjEifQ==",
          "dependencies": [
            "module.mywebserver.aws_key_pair.key_tf"
          ]
        }
      ]
    },
    {
      "module": "module.mywebserver",
      "mode": "managed",
      "type": "aws_key_pair",
      "name": "key_tf",
      "provider": "provider[\"registry.terraform.io/hashicorp/aws\"]",
      "instances": [
        {
          "schema_version": 1,
          "attributes": {
            "arn": "arn:aws:ec2:us-east-1:862029327517:key-pair/mykey",
            "fingerprint": "3a:f7:e4:d7:b0:25:58:e8:4e:56:77:7f:05:74:22:6a",
            "id": "mykey",
            "key_name": "mykey",
            "key_name_prefix": "",
            "key_pair_id": "key-0ae88984277f59524",
            "key_type": "rsa",
            "public_key": "ssh-rsa AAAAB3NzaC1yc2EAAAADAQABAAABgQDMhtJLXWqitSWGdx9wNAmsP6OxU77TuqtXMtRDsNl7ipLbPDZLzqXJWLsFLJlmJBPpWbkW453PezqCfgjXGHKp+W3ZQyk21+FpAdPP+ynkP6RQta8aBfLEhi/jh9JL/OL7EeM2cqrQvMI0XyWPoDGxQBqcm1OKSvXeiXquyYd7qG7VyNb6DkJuFq9lQaYeHXXyz+I5OXFC/w4bjUyEm4oABNvMQtFKdbBlXahLLXQp12+A73LqZ+5iE1+zXPukwG1ev9gJI8fV32CHgjCn1K0OP+w7qUzORT1X2/HFRwlymRcOw9l6R+hisSt0pUvqJKH7SM1V5qAXcjMJyTyfncT8NUMOaST5z30nelQVWMXxe74VNkqs2XF75lOm75LHXKlNA1l7uq48sZbThHP+iqbzPO6DCmTwzKw8H6+nLEtLBZYf1VQ9EvGeGKjVppu0Sq9AM+DDEZkLNS91iExYwcYcBjvb9SgH/ndzSg/jx041sgmfW8fQdv/glwK47ActPuM= si@DESKTOP-0CUQC5C",
            "tags": null,
            "tags_all": {}
          },
          "sensitive_attributes": [],
          "private": "eyJzY2hlbWFfdmVyc2lvbiI6IjEifQ=="
        }
      ]
    }
  ]
}
